
Microsoft Visual Studio Solution File, Format Version 12.00
# Visual Studio Version 16
VisualStudioVersion = 16.0.29306.81
MinimumVisualStudioVersion = 10.0.40219.1
Project("{FAE04EC0-301F-11D3-BF4B-00C04F79EFBC}") = "SeleniumUsingNUnit", "SeleniumUsingNUnit\SeleniumUsingNUnit.csproj", "{1C01757B-9791-4546-82E2-BD3D05A03137}"
EndProject
Global
	GlobalSection(SolutionConfigurationPlatforms) = preSolution
		Debug|Any CPU = Debug|Any CPU
		Release|Any CPU = Release|Any CPU
	EndGlobalSection
	GlobalSection(ProjectConfigurationPlatforms) = postSolution
		{1C01757B-9791-4546-82E2-BD3D05A03137}.Debug|Any CPU.ActiveCfg = Debug|Any CPU
		{1C01757B-9791-4546-82E2-BD3D05A03137}.Debug|Any CPU.Build.0 = Debug|Any CPU
		{1C01757B-9791-4546-82E2-BD3D05A03137}.Release|Any CPU.ActiveCfg = Release|Any CPU
		{1C01757B-9791-4546-82E2-BD3D05A03137}.Release|Any CPU.Build.0 = Release|Any CPU
	EndGlobalSection
	GlobalSection(SolutionProperties) = preSolution
		HideSolutionNode = FALSE
	EndGlobalSection
	GlobalSection(ExtensibilityGlobals) = postSolution
		SolutionGuid = {821D388A-29E8-4155-9DBD-7530FED63D9D}
	EndGlobalSection
EndGlobal
