
Microsoft Visual Studio Solution File, Format Version 12.00
# Visual Studio Version 16
VisualStudioVersion = 16.0.29306.81
MinimumVisualStudioVersion = 10.0.40219.1
Project("{FAE04EC0-301F-11D3-BF4B-00C04F79EFBC}") = "FollowUpProject", "FollowUpProject\FollowUpProject.csproj", "{295963FF-1377-4BB6-8E7E-AF4380057424}"
EndProject
Global
	GlobalSection(SolutionConfigurationPlatforms) = preSolution
		Debug|Any CPU = Debug|Any CPU
		Release|Any CPU = Release|Any CPU
	EndGlobalSection
	GlobalSection(ProjectConfigurationPlatforms) = postSolution
		{295963FF-1377-4BB6-8E7E-AF4380057424}.Debug|Any CPU.ActiveCfg = Debug|Any CPU
		{295963FF-1377-4BB6-8E7E-AF4380057424}.Debug|Any CPU.Build.0 = Debug|Any CPU
		{295963FF-1377-4BB6-8E7E-AF4380057424}.Release|Any CPU.ActiveCfg = Release|Any CPU
		{295963FF-1377-4BB6-8E7E-AF4380057424}.Release|Any CPU.Build.0 = Release|Any CPU
	EndGlobalSection
	GlobalSection(SolutionProperties) = preSolution
		HideSolutionNode = FALSE
	EndGlobalSection
	GlobalSection(ExtensibilityGlobals) = postSolution
		SolutionGuid = {94F013E0-83E4-4FBC-8189-7C8D2585E192}
	EndGlobalSection
EndGlobal
